
Microsoft Visual Studio Solution File, Format Version 12.00
# Visual Studio 14
VisualStudioVersion = 14.0.25123.0
MinimumVisualStudioVersion = 10.0.40219.1
Project("{FAE04EC0-301F-11D3-BF4B-00C04F79EFBC}") = "ProjectToProcess", "ProjectToProcess\ProjectToProcess.csproj", "{DC91D3E5-23CD-4DAA-A012-91C29B274D72}"
EndProject
Global
	GlobalSection(SolutionConfigurationPlatforms) = preSolution
		Debug|Any CPU = Debug|Any CPU
		Release|Any CPU = Release|Any CPU
	EndGlobalSection
	GlobalSection(ProjectConfigurationPlatforms) = postSolution
		{DC91D3E5-23CD-4DAA-A012-91C29B274D72}.Debug|Any CPU.ActiveCfg = Debug|Any CPU
		{DC91D3E5-23CD-4DAA-A012-91C29B274D72}.Debug|Any CPU.Build.0 = Debug|Any CPU
		{DC91D3E5-23CD-4DAA-A012-91C29B274D72}.Release|Any CPU.ActiveCfg = Release|Any CPU
		{DC91D3E5-23CD-4DAA-A012-91C29B274D72}.Release|Any CPU.Build.0 = Release|Any CPU
	EndGlobalSection
	GlobalSection(SolutionProperties) = preSolution
		HideSolutionNode = FALSE
	EndGlobalSection
EndGlobal
